
Microsoft Visual Studio Solution File, Format Version 12.00
# Visual Studio Version 16
VisualStudioVersion = 16.0.31729.503
MinimumVisualStudioVersion = 10.0.40219.1
Project("{F184B08F-C81C-45F6-A57F-5ABD9991F28F}") = "Pong", "Pong\Pong.vbproj", "{FB0859F0-C42E-40C2-B4C4-9E0F23299C87}"
EndProject
Global
	GlobalSection(SolutionConfigurationPlatforms) = preSolution
		Debug|Any CPU = Debug|Any CPU
		Release|Any CPU = Release|Any CPU
	EndGlobalSection
	GlobalSection(ProjectConfigurationPlatforms) = postSolution
		{FB0859F0-C42E-40C2-B4C4-9E0F23299C87}.Debug|Any CPU.ActiveCfg = Debug|Any CPU
		{FB0859F0-C42E-40C2-B4C4-9E0F23299C87}.Debug|Any CPU.Build.0 = Debug|Any CPU
		{FB0859F0-C42E-40C2-B4C4-9E0F23299C87}.Release|Any CPU.ActiveCfg = Release|Any CPU
		{FB0859F0-C42E-40C2-B4C4-9E0F23299C87}.Release|Any CPU.Build.0 = Release|Any CPU
	EndGlobalSection
	GlobalSection(SolutionProperties) = preSolution
		HideSolutionNode = FALSE
	EndGlobalSection
	GlobalSection(ExtensibilityGlobals) = postSolution
		SolutionGuid = {A305D9C3-5E4E-412D-9A84-2CE50E212D51}
	EndGlobalSection
EndGlobal
